{
  "name": "scarypilot",
  "lockfileVersion": 3,
  "requires": true,
  "packages": {
    "": {
      "name": "scarypilot",
      "devDependencies": {
        "@types/node": "24.12.0",
        "@typescript/native-preview": "^7.0.0-dev.20260327.2"
      },
      "engines": {
        "node": ">=22.18.0"
      }
    },
    "node_modules/@types/node": {
      "version": "24.12.0",
      "resolved": "https://registry.npmjs.org/@types/node/-/node-24.12.0.tgz",
      "integrity": "sha512-GYDxsZi3ChgmckRT9HPU0WEhKLP08ev/Yfcq2AstjrDASOYCSXeyjDsHg4v5t4jOj7cyDX3vmprafKlWIG9MXQ==",
      "dev": true,
      "license": "MIT",
      "dependencies": {
        "undici-types": "~7.16.0"
      }
    },
    "node_modules/@typescript/native-preview": {
      "version": "7.0.0-dev.20260327.2",
      "resolved": "https://registry.npmjs.org/@typescript/native-preview/-/native-preview-7.0.0-dev.20260327.2.tgz",
      "integrity": "sha512-npU/LrswTK7gawemSkI2BufIgNgoOHA1OwwIC5EUh++oWLDuWZSvSAcH6mfn28NOt5A196zrHQd3SK7f5XCVAw==",
      "dev": true,
      "license": "Apache-2.0",
      "bin": {
        "tsgo": "bin/tsgo.js"
      },
      "optionalDependencies": {
        "@typescript/native-preview-darwin-arm64": "7.0.0-dev.20260327.2",
        "@typescript/native-preview-darwin-x64": "7.0.0-dev.20260327.2",
        "@typescript/native-preview-linux-arm": "7.0.0-dev.20260327.2",
        "@typescript/native-preview-linux-arm64": "7.0.0-dev.20260327.2",
        "@typescript/native-preview-linux-x64": "7.0.0-dev.20260327.2",
        "@typescript/native-preview-win32-arm64": "7.0.0-dev.20260327.2",
        "@typescript/native-preview-win32-x64": "7.0.0-dev.20260327.2"
      }
    },
    "node_modules/@typescript/native-preview-darwin-arm64": {
      "version": "7.0.0-dev.20260327.2",
      "resolved": "https://registry.npmjs.org/@typescript/native-preview-darwin-arm64/-/native-preview-darwin-arm64-7.0.0-dev.20260327.2.tgz",
      "integrity": "sha512-lEcUWwu2DLY0NjoB3x7Fivz63zd57D1fD6PD8ByQqa0/xO8+EC5GHr5YniJlHSpF05cn2sgl7SPS92qVs0Xhlw==",
      "cpu": [
        "arm64"
      ],
      "dev": true,
      "license": "Apache-2.0",
      "optional": true,
      "os": [
        "darwin"
      ]
    },
    "node_modules/@typescript/native-preview-darwin-x64": {
      "version": "7.0.0-dev.20260327.2",
      "resolved": "https://registry.npmjs.org/@typescript/native-preview-darwin-x64/-/native-preview-darwin-x64-7.0.0-dev.20260327.2.tgz",
      "integrity": "sha512-IvUv0dCaVNKbA9Oq/GEEhtBPF9PP3E5MfW4pla4NpDsZh+6/nL5p0WXvlocV0fe1rT9fqmCQfk3oH+XrN1I8Qw==",
      "cpu": [
        "x64"
      ],
      "dev": true,
      "license": "Apache-2.0",
      "optional": true,
      "os": [
        "darwin"
      ]
    },
    "node_modules/@typescript/native-preview-linux-arm": {
      "version": "7.0.0-dev.20260327.2",
      "resolved": "https://registry.npmjs.org/@typescript/native-preview-linux-arm/-/native-preview-linux-arm-7.0.0-dev.20260327.2.tgz",
      "integrity": "sha512-7ATSft1YojnRp/VG70i97CxFe+umhTHYA/jJwQBPrjdopAFa5IvFDr4kNajjy1uypbz/x6pfvCnTdOd1/lM3FQ==",
      "cpu": [
        "arm"
      ],
      "dev": true,
      "license": "Apache-2.0",
      "optional": true,
      "os": [
        "linux"
      ]
    },
    "node_modules/@typescript/native-preview-linux-arm64": {
      "version": "7.0.0-dev.20260327.2",
      "resolved": "https://registry.npmjs.org/@typescript/native-preview-linux-arm64/-/native-preview-linux-arm64-7.0.0-dev.20260327.2.tgz",
      "integrity": "sha512-k98Q20XAC8bM9L915GFIfjo/ii/sYIaEzIDH3l6MwhiJMDPucARQpfbReUdXl8N3TsdCNwk8xay0pNIK0DOkvg==",
      "cpu": [
        "arm64"
      ],
      "dev": true,
      "license": "Apache-2.0",
      "optional": true,
      "os": [
        "linux"
      ]
    },
    "node_modules/@typescript/native-preview-linux-x64": {
      "version": "7.0.0-dev.20260327.2",
      "resolved": "https://registry.npmjs.org/@typescript/native-preview-linux-x64/-/native-preview-linux-x64-7.0.0-dev.20260327.2.tgz",
      "integrity": "sha512-XTe5M1sTwjlxHS1NaNci4vf2nR7bAEwPB70SbhbSTS9ka+75mTP7cv8jHbGhKXEPxDLURBPSyvionog4+5NXmA==",
      "cpu": [
        "x64"
      ],
      "dev": true,
      "license": "Apache-2.0",
      "optional": true,
      "os": [
        "linux"
      ]
    },
    "node_modules/@typescript/native-preview-win32-arm64": {
      "version": "7.0.0-dev.20260327.2",
      "resolved": "https://registry.npmjs.org/@typescript/native-preview-win32-arm64/-/native-preview-win32-arm64-7.0.0-dev.20260327.2.tgz",
      "integrity": "sha512-1F86Pmf1QcHv0IENBJJ7nWWVSWjR1nn4jokuSbWiPkKGD57rkJWiHY7xtpt4ql8ZG4bIWxdHonLaepBfjIkaug==",
      "cpu": [
        "arm64"
      ],
      "dev": true,
      "license": "Apache-2.0",
      "optional": true,
      "os": [
        "win32"
      ]
    },
    "node_modules/@typescript/native-preview-win32-x64": {
      "version": "7.0.0-dev.20260327.2",
      "resolved": "https://registry.npmjs.org/@typescript/native-preview-win32-x64/-/native-preview-win32-x64-7.0.0-dev.20260327.2.tgz",
      "integrity": "sha512-zMI8AIWRr98hOgTC5DCe3GD/MGHfusX/E/Dz64Xcf+re4EUVS/pXP5fAUb3dQr8ndi9mHbM0DEmNb4ctSxsxew==",
      "cpu": [
        "x64"
      ],
      "dev": true,
      "license": "Apache-2.0",
      "optional": true,
      "os": [
        "win32"
      ]
    },
    "node_modules/undici-types": {
      "version": "7.16.0",
      "resolved": "https://registry.npmjs.org/undici-types/-/undici-types-7.16.0.tgz",
      "integrity": "sha512-Zz+aZWSj8LE6zoxD+xrjh4VfkIG8Ya6LvYkZqtUQGJPZjYl53ypCaUwWqo7eI0x66KBGeRo+mlBEkMSeSZ38Nw==",
      "dev": true,
      "license": "MIT"
    }
  }
}
